
Microsoft Visual Studio Solution File, Format Version 12.00
# Visual Studio Version 17
VisualStudioVersion = 17.8.34525.116
MinimumVisualStudioVersion = 10.0.40219.1
Project("{FAE04EC0-301F-11D3-BF4B-00C04F79EFBC}") = "DockerGui", "DockerGui.csproj", "{3BF53529-E0F0-400F-8380-C667042C4416}"
EndProject
Global
	GlobalSection(SolutionConfigurationPlatforms) = preSolution
		Debug|Any CPU = Debug|Any CPU
		Release|Any CPU = Release|Any CPU
	EndGlobalSection
	GlobalSection(ProjectConfigurationPlatforms) = postSolution
		{3BF53529-E0F0-400F-8380-C667042C4416}.Debug|Any CPU.ActiveCfg = Debug|Any CPU
		{3BF53529-E0F0-400F-8380-C667042C4416}.Debug|Any CPU.Build.0 = Debug|Any CPU
		{3BF53529-E0F0-400F-8380-C667042C4416}.Release|Any CPU.ActiveCfg = Release|Any CPU
		{3BF53529-E0F0-400F-8380-C667042C4416}.Release|Any CPU.Build.0 = Release|Any CPU
	EndGlobalSection
	GlobalSection(SolutionProperties) = preSolution
		HideSolutionNode = FALSE
	EndGlobalSection
	GlobalSection(ExtensibilityGlobals) = postSolution
		SolutionGuid = {297A644D-BE26-4E6F-8D61-3F40B1AE7BEC}
	EndGlobalSection
EndGlobal
